
Microsoft Visual Studio Solution File, Format Version 12.00
# Visual Studio Version 16
VisualStudioVersion = 16.0.30709.132
MinimumVisualStudioVersion = 10.0.40219.1
Project("{9A19103F-16F7-4668-BE54-9A1E7A4F7556}") = "StoreApp", "StoreApp\StoreApp.csproj", "{6ADD354C-225A-47DE-9C89-E817C0E40134}"
	ProjectSection(ProjectDependencies) = postProject
		{010ABCA8-2E93-474D-BE75-ABD7D57072FC} = {010ABCA8-2E93-474D-BE75-ABD7D57072FC}
	EndProjectSection
EndProject
Project("{9A19103F-16F7-4668-BE54-9A1E7A4F7556}") = "StoreLibrary", "StoreLibrary\StoreLibrary.csproj", "{010ABCA8-2E93-474D-BE75-ABD7D57072FC}"
EndProject
Project("{9A19103F-16F7-4668-BE54-9A1E7A4F7556}") = "Data", "Data\Data.csproj", "{3E361E9D-26F0-44CD-B0E3-B13C472FBC53}"
EndProject
Project("{9A19103F-16F7-4668-BE54-9A1E7A4F7556}") = "Model", "EntityFramework.Library\Model.csproj", "{87B808C3-96F0-4020-B11A-5C07361AE5C9}"
EndProject
Global
	GlobalSection(SolutionConfigurationPlatforms) = preSolution
		Debug|Any CPU = Debug|Any CPU
		Release|Any CPU = Release|Any CPU
	EndGlobalSection
	GlobalSection(ProjectConfigurationPlatforms) = postSolution
		{6ADD354C-225A-47DE-9C89-E817C0E40134}.Debug|Any CPU.ActiveCfg = Debug|Any CPU
		{6ADD354C-225A-47DE-9C89-E817C0E40134}.Debug|Any CPU.Build.0 = Debug|Any CPU
		{6ADD354C-225A-47DE-9C89-E817C0E40134}.Release|Any CPU.ActiveCfg = Release|Any CPU
		{6ADD354C-225A-47DE-9C89-E817C0E40134}.Release|Any CPU.Build.0 = Release|Any CPU
		{010ABCA8-2E93-474D-BE75-ABD7D57072FC}.Debug|Any CPU.ActiveCfg = Debug|Any CPU
		{010ABCA8-2E93-474D-BE75-ABD7D57072FC}.Debug|Any CPU.Build.0 = Debug|Any CPU
		{010ABCA8-2E93-474D-BE75-ABD7D57072FC}.Release|Any CPU.ActiveCfg = Release|Any CPU
		{010ABCA8-2E93-474D-BE75-ABD7D57072FC}.Release|Any CPU.Build.0 = Release|Any CPU
		{3E361E9D-26F0-44CD-B0E3-B13C472FBC53}.Debug|Any CPU.ActiveCfg = Debug|Any CPU
		{3E361E9D-26F0-44CD-B0E3-B13C472FBC53}.Debug|Any CPU.Build.0 = Debug|Any CPU
		{3E361E9D-26F0-44CD-B0E3-B13C472FBC53}.Release|Any CPU.ActiveCfg = Release|Any CPU
		{3E361E9D-26F0-44CD-B0E3-B13C472FBC53}.Release|Any CPU.Build.0 = Release|Any CPU
		{87B808C3-96F0-4020-B11A-5C07361AE5C9}.Debug|Any CPU.ActiveCfg = Debug|Any CPU
		{87B808C3-96F0-4020-B11A-5C07361AE5C9}.Debug|Any CPU.Build.0 = Debug|Any CPU
		{87B808C3-96F0-4020-B11A-5C07361AE5C9}.Release|Any CPU.ActiveCfg = Release|Any CPU
		{87B808C3-96F0-4020-B11A-5C07361AE5C9}.Release|Any CPU.Build.0 = Release|Any CPU
	EndGlobalSection
	GlobalSection(SolutionProperties) = preSolution
		HideSolutionNode = FALSE
	EndGlobalSection
	GlobalSection(ExtensibilityGlobals) = postSolution
		SolutionGuid = {70929538-E716-463A-8714-72F8F3517A25}
	EndGlobalSection
EndGlobal
